# This file is automatically @generated by Poetry 1.5.1 and should not be changed by hand.

[[package]]
name = "annotated-types"
version = "0.5.0"
description = "Reusable constraint types to use with typing.Annotated"
optional = false
python-versions = ">=3.7"
files = [
    {file = "annotated_types-0.5.0-py3-none-any.whl", hash = "sha256:58da39888f92c276ad970249761ebea80ba544b77acddaa1a4d6cf78287d45fd"},
    {file = "annotated_types-0.5.0.tar.gz", hash = "sha256:47cdc3490d9ac1506ce92c7aaa76c579dc3509ff11e098fc867e5130ab7be802"},
]

[package.dependencies]
typing-extensions = {version = ">=4.0.0", markers = "python_version < \"3.9\""}

[[package]]
name = "appdirs"
version = "1.4.4"
description = "A small Python module for determining appropriate platform-specific dirs, e.g. a \"user data dir\"."
optional = false
python-versions = "*"
files = [
    {file = "appdirs-1.4.4-py2.py3-none-any.whl", hash = "sha256:a841dacd6b99318a741b166adb07e19ee71a274450e68237b4650ca1055ab128"},
    {file = "appdirs-1.4.4.tar.gz", hash = "sha256:7d5d0167b2b1ba821647616af46a749d1c653740dd0d2415100fe26e27afdf41"},
]

[[package]]
name = "click"
version = "8.1.3"
description = "Composable command line interface toolkit"
optional = false
python-versions = ">=3.7"
files = [
    {file = "click-8.1.3-py3-none-any.whl", hash = "sha256:bb4d8133cb15a609f44e8213d9b391b0809795062913b383c62be0ee95b1db48"},
    {file = "click-8.1.3.tar.gz", hash = "sha256:7682dc8afb30297001674575ea00d1814d808d6a36af415a82bd481d37ba7b8e"},
]

[package.dependencies]
colorama = {version = "*", markers = "platform_system == \"Windows\""}

[[package]]
name = "colorama"
version = "0.4.6"
description = "Cross-platform colored terminal text."
optional = false
python-versions = "!=3.0.*,!=3.1.*,!=3.2.*,!=3.3.*,!=3.4.*,!=3.5.*,!=3.6.*,>=2.7"
files = [
    {file = "colorama-0.4.6-py2.py3-none-any.whl", hash = "sha256:4f1d9991f5acc0ca119f9d443620b77f9d6b33703e51011c16baf57afb285fc6"},
    {file = "colorama-0.4.6.tar.gz", hash = "sha256:08695f5cb7ed6e0531a20572697297273c47b8cae5a63ffc6d6ed5c201be6e44"},
]

[[package]]
name = "evdev"
version = "1.6.1"
description = "Bindings to the Linux input handling subsystem"
optional = false
python-versions = "*"
files = [
    {file = "evdev-1.6.1.tar.gz", hash = "sha256:299db8628cc73b237fc1cc57d3c2948faa0756e2a58b6194b5bf81dc2081f1e3"},
]

[[package]]
name = "pydantic"
version = "2.3.0"
description = "Data validation using Python type hints"
optional = false
python-versions = ">=3.7"
files = [
    {file = "pydantic-2.3.0-py3-none-any.whl", hash = "sha256:45b5e446c6dfaad9444819a293b921a40e1db1aa61ea08aede0522529ce90e81"},
    {file = "pydantic-2.3.0.tar.gz", hash = "sha256:1607cc106602284cd4a00882986570472f193fde9cb1259bceeaedb26aa79a6d"},
]

[package.dependencies]
annotated-types = ">=0.4.0"
pydantic-core = "2.6.3"
typing-extensions = ">=4.6.1"

[package.extras]
email = ["email-validator (>=2.0.0)"]

[[package]]
name = "pydantic-core"
version = "2.6.3"
description = ""
optional = false
python-versions = ">=3.7"
files = [
    {file = "pydantic_core-2.6.3-cp310-cp310-macosx_10_7_x86_64.whl", hash = "sha256:1a0ddaa723c48af27d19f27f1c73bdc615c73686d763388c8683fe34ae777bad"},
    {file = "pydantic_core-2.6.3-cp310-cp310-macosx_11_0_arm64.whl", hash = "sha256:5cfde4fab34dd1e3a3f7f3db38182ab6c95e4ea91cf322242ee0be5c2f7e3d2f"},
    {file = "pydantic_core-2.6.3-cp310-cp310-manylinux_2_17_aarch64.manylinux2014_aarch64.whl", hash = "sha256:5493a7027bfc6b108e17c3383959485087d5942e87eb62bbac69829eae9bc1f7"},
    {file = "pydantic_core-2.6.3-cp310-cp310-manylinux_2_17_armv7l.manylinux2014_armv7l.whl", hash = "sha256:84e87c16f582f5c753b7f39a71bd6647255512191be2d2dbf49458c4ef024588"},
    {file = "pydantic_core-2.6.3-cp310-cp310-manylinux_2_17_ppc64le.manylinux2014_ppc64le.whl", hash = "sha256:522a9c4a4d1924facce7270c84b5134c5cabcb01513213662a2e89cf28c1d309"},
    {file = "pydantic_core-2.6.3-cp310-cp310-manylinux_2_17_s390x.manylinux2014_s390x.whl", hash = "sha256:aaafc776e5edc72b3cad1ccedb5fd869cc5c9a591f1213aa9eba31a781be9ac1"},
    {file = "pydantic_core-2.6.3-cp310-cp310-manylinux_2_17_x86_64.manylinux2014_x86_64.whl", hash = "sha256:3a750a83b2728299ca12e003d73d1264ad0440f60f4fc9cee54acc489249b728"},
    {file = "pydantic_core-2.6.3-cp310-cp310-manylinux_2_5_i686.manylinux1_i686.whl", hash = "sha256:9e8b374ef41ad5c461efb7a140ce4730661aadf85958b5c6a3e9cf4e040ff4bb"},
    {file = "pydantic_core-2.6.3-cp310-cp310-musllinux_1_1_aarch64.whl", hash = "sha256:b594b64e8568cf09ee5c9501ede37066b9fc41d83d58f55b9952e32141256acd"},
    {file = "pydantic_core-2.6.3-cp310-cp310-musllinux_1_1_x86_64.whl", hash = "sha256:2a20c533cb80466c1d42a43a4521669ccad7cf2967830ac62c2c2f9cece63e7e"},
    {file = "pydantic_core-2.6.3-cp310-none-win32.whl", hash = "sha256:04fe5c0a43dec39aedba0ec9579001061d4653a9b53a1366b113aca4a3c05ca7"},
    {file = "pydantic_core-2.6.3-cp310-none-win_amd64.whl", hash = "sha256:6bf7d610ac8f0065a286002a23bcce241ea8248c71988bda538edcc90e0c39ad"},
    {file = "pydantic_core-2.6.3-cp311-cp311-macosx_10_7_x86_64.whl", hash = "sha256:6bcc1ad776fffe25ea5c187a028991c031a00ff92d012ca1cc4714087e575973"},
    {file = "pydantic_core-2.6.3-cp311-cp311-macosx_11_0_arm64.whl", hash = "sha256:df14f6332834444b4a37685810216cc8fe1fe91f447332cd56294c984ecbff1c"},
    {file = "pydantic_core-2.6.3-cp311-cp311-manylinux_2_17_aarch64.manylinux2014_aarch64.whl", hash = "sha256:a0b7486d85293f7f0bbc39b34e1d8aa26210b450bbd3d245ec3d732864009819"},
    {file = "pydantic_core-2.6.3-cp311-cp311-manylinux_2_17_armv7l.manylinux2014_armv7l.whl", hash = "sha256:a892b5b1871b301ce20d40b037ffbe33d1407a39639c2b05356acfef5536d26a"},
    {file = "pydantic_core-2.6.3-cp311-cp311-manylinux_2_17_ppc64le.manylinux2014_ppc64le.whl", hash = "sha256:883daa467865e5766931e07eb20f3e8152324f0adf52658f4d302242c12e2c32"},
    {file = "pydantic_core-2.6.3-cp311-cp311-manylinux_2_17_s390x.manylinux2014_s390x.whl", hash = "sha256:d4eb77df2964b64ba190eee00b2312a1fd7a862af8918ec70fc2d6308f76ac64"},
    {file = "pydantic_core-2.6.3-cp311-cp311-manylinux_2_17_x86_64.manylinux2014_x86_64.whl", hash = "sha256:1ce8c84051fa292a5dc54018a40e2a1926fd17980a9422c973e3ebea017aa8da"},
    {file = "pydantic_core-2.6.3-cp311-cp311-manylinux_2_5_i686.manylinux1_i686.whl", hash = "sha256:22134a4453bd59b7d1e895c455fe277af9d9d9fbbcb9dc3f4a97b8693e7e2c9b"},
    {file = "pydantic_core-2.6.3-cp311-cp311-musllinux_1_1_aarch64.whl", hash = "sha256:02e1c385095efbd997311d85c6021d32369675c09bcbfff3b69d84e59dc103f6"},
    {file = "pydantic_core-2.6.3-cp311-cp311-musllinux_1_1_x86_64.whl", hash = "sha256:d79f1f2f7ebdb9b741296b69049ff44aedd95976bfee38eb4848820628a99b50"},
    {file = "pydantic_core-2.6.3-cp311-none-win32.whl", hash = "sha256:430ddd965ffd068dd70ef4e4d74f2c489c3a313adc28e829dd7262cc0d2dd1e8"},
    {file = "pydantic_core-2.6.3-cp311-none-win_amd64.whl", hash = "sha256:84f8bb34fe76c68c9d96b77c60cef093f5e660ef8e43a6cbfcd991017d375950"},
    {file = "pydantic_core-2.6.3-cp311-none-win_arm64.whl", hash = "sha256:5a2a3c9ef904dcdadb550eedf3291ec3f229431b0084666e2c2aa8ff99a103a2"},
    {file = "pydantic_core-2.6.3-cp312-cp312-macosx_10_7_x86_64.whl", hash = "sha256:8421cf496e746cf8d6b677502ed9a0d1e4e956586cd8b221e1312e0841c002d5"},
    {file = "pydantic_core-2.6.3-cp312-cp312-macosx_11_0_arm64.whl", hash = "sha256:bb128c30cf1df0ab78166ded1ecf876620fb9aac84d2413e8ea1594b588c735d"},
    {file = "pydantic_core-2.6.3-cp312-cp312-manylinux_2_17_aarch64.manylinux2014_aarch64.whl", hash = "sha256:37a822f630712817b6ecc09ccc378192ef5ff12e2c9bae97eb5968a6cdf3b862"},
    {file = "pydantic_core-2.6.3-cp312-cp312-manylinux_2_17_armv7l.manylinux2014_armv7l.whl", hash = "sha256:240a015102a0c0cc8114f1cba6444499a8a4d0333e178bc504a5c2196defd456"},
    {file = "pydantic_core-2.6.3-cp312-cp312-manylinux_2_17_ppc64le.manylinux2014_ppc64le.whl", hash = "sha256:3f90e5e3afb11268628c89f378f7a1ea3f2fe502a28af4192e30a6cdea1e7d5e"},
    {file = "pydantic_core-2.6.3-cp312-cp312-manylinux_2_17_s390x.manylinux2014_s390x.whl", hash = "sha256:340e96c08de1069f3d022a85c2a8c63529fd88709468373b418f4cf2c949fb0e"},
    {file = "pydantic_core-2.6.3-cp312-cp312-manylinux_2_17_x86_64.manylinux2014_x86_64.whl", hash = "sha256:1480fa4682e8202b560dcdc9eeec1005f62a15742b813c88cdc01d44e85308e5"},
    {file = "pydantic_core-2.6.3-cp312-cp312-manylinux_2_5_i686.manylinux1_i686.whl", hash = "sha256:f14546403c2a1d11a130b537dda28f07eb6c1805a43dae4617448074fd49c282"},
    {file = "pydantic_core-2.6.3-cp312-cp312-musllinux_1_1_aarch64.whl", hash = "sha256:a87c54e72aa2ef30189dc74427421e074ab4561cf2bf314589f6af5b37f45e6d"},
    {file = "pydantic_core-2.6.3-cp312-cp312-musllinux_1_1_x86_64.whl", hash = "sha256:f93255b3e4d64785554e544c1c76cd32f4a354fa79e2eeca5d16ac2e7fdd57aa"},
    {file = "pydantic_core-2.6.3-cp312-none-win32.whl", hash = "sha256:f70dc00a91311a1aea124e5f64569ea44c011b58433981313202c46bccbec0e1"},
    {file = "pydantic_core-2.6.3-cp312-none-win_amd64.whl", hash = "sha256:23470a23614c701b37252618e7851e595060a96a23016f9a084f3f92f5ed5881"},
    {file = "pydantic_core-2.6.3-cp312-none-win_arm64.whl", hash = "sha256:1ac1750df1b4339b543531ce793b8fd5c16660a95d13aecaab26b44ce11775e9"},
    {file = "pydantic_core-2.6.3-cp37-cp37m-macosx_10_7_x86_64.whl", hash = "sha256:a53e3195f134bde03620d87a7e2b2f2046e0e5a8195e66d0f244d6d5b2f6d31b"},
    {file = "pydantic_core-2.6.3-cp37-cp37m-macosx_11_0_arm64.whl", hash = "sha256:f2969e8f72c6236c51f91fbb79c33821d12a811e2a94b7aa59c65f8dbdfad34a"},
    {file = "pydantic_core-2.6.3-cp37-cp37m-manylinux_2_17_aarch64.manylinux2014_aarch64.whl", hash = "sha256:672174480a85386dd2e681cadd7d951471ad0bb028ed744c895f11f9d51b9ebe"},
    {file = "pydantic_core-2.6.3-cp37-cp37m-manylinux_2_17_armv7l.manylinux2014_armv7l.whl", hash = "sha256:002d0ea50e17ed982c2d65b480bd975fc41086a5a2f9c924ef8fc54419d1dea3"},
    {file = "pydantic_core-2.6.3-cp37-cp37m-manylinux_2_17_ppc64le.manylinux2014_ppc64le.whl", hash = "sha256:3ccc13afee44b9006a73d2046068d4df96dc5b333bf3509d9a06d1b42db6d8bf"},
    {file = "pydantic_core-2.6.3-cp37-cp37m-manylinux_2_17_s390x.manylinux2014_s390x.whl", hash = "sha256:439a0de139556745ae53f9cc9668c6c2053444af940d3ef3ecad95b079bc9987"},
    {file = "pydantic_core-2.6.3-cp37-cp37m-manylinux_2_17_x86_64.manylinux2014_x86_64.whl", hash = "sha256:d63b7545d489422d417a0cae6f9898618669608750fc5e62156957e609e728a5"},
    {file = "pydantic_core-2.6.3-cp37-cp37m-manylinux_2_5_i686.manylinux1_i686.whl", hash = "sha256:b44c42edc07a50a081672e25dfe6022554b47f91e793066a7b601ca290f71e42"},
    {file = "pydantic_core-2.6.3-cp37-cp37m-musllinux_1_1_aarch64.whl", hash = "sha256:1c721bfc575d57305dd922e6a40a8fe3f762905851d694245807a351ad255c58"},
    {file = "pydantic_core-2.6.3-cp37-cp37m-musllinux_1_1_x86_64.whl", hash = "sha256:5e4a2cf8c4543f37f5dc881de6c190de08096c53986381daebb56a355be5dfe6"},
    {file = "pydantic_core-2.6.3-cp37-none-win32.whl", hash = "sha256:d9b4916b21931b08096efed090327f8fe78e09ae8f5ad44e07f5c72a7eedb51b"},
    {file = "pydantic_core-2.6.3-cp37-none-win_amd64.whl", hash = "sha256:a8acc9dedd304da161eb071cc7ff1326aa5b66aadec9622b2574ad3ffe225525"},
    {file = "pydantic_core-2.6.3-cp38-cp38-macosx_10_7_x86_64.whl", hash = "sha256:5e9c068f36b9f396399d43bfb6defd4cc99c36215f6ff33ac8b9c14ba15bdf6b"},
    {file = "pydantic_core-2.6.3-cp38-cp38-macosx_11_0_arm64.whl", hash = "sha256:e61eae9b31799c32c5f9b7be906be3380e699e74b2db26c227c50a5fc7988698"},
    {file = "pydantic_core-2.6.3-cp38-cp38-manylinux_2_17_aarch64.manylinux2014_aarch64.whl", hash = "sha256:d85463560c67fc65cd86153a4975d0b720b6d7725cf7ee0b2d291288433fc21b"},
    {file = "pydantic_core-2.6.3-cp38-cp38-manylinux_2_17_armv7l.manylinux2014_armv7l.whl", hash = "sha256:9616567800bdc83ce136e5847d41008a1d602213d024207b0ff6cab6753fe645"},
    {file = "pydantic_core-2.6.3-cp38-cp38-manylinux_2_17_ppc64le.manylinux2014_ppc64le.whl", hash = "sha256:9e9b65a55bbabda7fccd3500192a79f6e474d8d36e78d1685496aad5f9dbd92c"},
    {file = "pydantic_core-2.6.3-cp38-cp38-manylinux_2_17_s390x.manylinux2014_s390x.whl", hash = "sha256:f468d520f47807d1eb5d27648393519655eadc578d5dd862d06873cce04c4d1b"},
    {file = "pydantic_core-2.6.3-cp38-cp38-manylinux_2_17_x86_64.manylinux2014_x86_64.whl", hash = "sha256:9680dd23055dd874173a3a63a44e7f5a13885a4cfd7e84814be71be24fba83db"},
    {file = "pydantic_core-2.6.3-cp38-cp38-manylinux_2_5_i686.manylinux1_i686.whl", hash = "sha256:9a718d56c4d55efcfc63f680f207c9f19c8376e5a8a67773535e6f7e80e93170"},
    {file = "pydantic_core-2.6.3-cp38-cp38-musllinux_1_1_aarch64.whl", hash = "sha256:8ecbac050856eb6c3046dea655b39216597e373aa8e50e134c0e202f9c47efec"},
    {file = "pydantic_core-2.6.3-cp38-cp38-musllinux_1_1_x86_64.whl", hash = "sha256:788be9844a6e5c4612b74512a76b2153f1877cd845410d756841f6c3420230eb"},
    {file = "pydantic_core-2.6.3-cp38-none-win32.whl", hash = "sha256:07a1aec07333bf5adebd8264047d3dc518563d92aca6f2f5b36f505132399efc"},
    {file = "pydantic_core-2.6.3-cp38-none-win_amd64.whl", hash = "sha256:621afe25cc2b3c4ba05fff53525156d5100eb35c6e5a7cf31d66cc9e1963e378"},
    {file = "pydantic_core-2.6.3-cp39-cp39-macosx_10_7_x86_64.whl", hash = "sha256:813aab5bfb19c98ae370952b6f7190f1e28e565909bfc219a0909db168783465"},
    {file = "pydantic_core-2.6.3-cp39-cp39-macosx_11_0_arm64.whl", hash = "sha256:50555ba3cb58f9861b7a48c493636b996a617db1a72c18da4d7f16d7b1b9952b"},
    {file = "pydantic_core-2.6.3-cp39-cp39-manylinux_2_17_aarch64.manylinux2014_aarch64.whl", hash = "sha256:19e20f8baedd7d987bd3f8005c146e6bcbda7cdeefc36fad50c66adb2dd2da48"},
    {file = "pydantic_core-2.6.3-cp39-cp39-manylinux_2_17_armv7l.manylinux2014_armv7l.whl", hash = "sha256:b0a5d7edb76c1c57b95df719af703e796fc8e796447a1da939f97bfa8a918d60"},
    {file = "pydantic_core-2.6.3-cp39-cp39-manylinux_2_17_ppc64le.manylinux2014_ppc64le.whl", hash = "sha256:f06e21ad0b504658a3a9edd3d8530e8cea5723f6ea5d280e8db8efc625b47e49"},
    {file = "pydantic_core-2.6.3-cp39-cp39-manylinux_2_17_s390x.manylinux2014_s390x.whl", hash = "sha256:ea053cefa008fda40f92aab937fb9f183cf8752e41dbc7bc68917884454c6362"},
    {file = "pydantic_core-2.6.3-cp39-cp39-manylinux_2_17_x86_64.manylinux2014_x86_64.whl", hash = "sha256:171a4718860790f66d6c2eda1d95dd1edf64f864d2e9f9115840840cf5b5713f"},
    {file = "pydantic_core-2.6.3-cp39-cp39-manylinux_2_5_i686.manylinux1_i686.whl", hash = "sha256:5ed7ceca6aba5331ece96c0e328cd52f0dcf942b8895a1ed2642de50800b79d3"},
    {file = "pydantic_core-2.6.3-cp39-cp39-musllinux_1_1_aarch64.whl", hash = "sha256:acafc4368b289a9f291e204d2c4c75908557d4f36bd3ae937914d4529bf62a76"},
    {file = "pydantic_core-2.6.3-cp39-cp39-musllinux_1_1_x86_64.whl", hash = "sha256:1aa712ba150d5105814e53cb141412217146fedc22621e9acff9236d77d2a5ef"},
    {file = "pydantic_core-2.6.3-cp39-none-win32.whl", hash = "sha256:44b4f937b992394a2e81a5c5ce716f3dcc1237281e81b80c748b2da6dd5cf29a"},
    {file = "pydantic_core-2.6.3-cp39-none-win_amd64.whl", hash = "sha256:9b33bf9658cb29ac1a517c11e865112316d09687d767d7a0e4a63d5c640d1b17"},
    {file = "pydantic_core-2.6.3-pp310-pypy310_pp73-macosx_10_7_x86_64.whl", hash = "sha256:d7050899026e708fb185e174c63ebc2c4ee7a0c17b0a96ebc50e1f76a231c057"},
    {file = "pydantic_core-2.6.3-pp310-pypy310_pp73-macosx_11_0_arm64.whl", hash = "sha256:99faba727727b2e59129c59542284efebbddade4f0ae6a29c8b8d3e1f437beb7"},
    {file = "pydantic_core-2.6.3-pp310-pypy310_pp73-manylinux_2_17_aarch64.manylinux2014_aarch64.whl", hash = "sha256:5fa159b902d22b283b680ef52b532b29554ea2a7fc39bf354064751369e9dbd7"},
    {file = "pydantic_core-2.6.3-pp310-pypy310_pp73-manylinux_2_17_x86_64.manylinux2014_x86_64.whl", hash = "sha256:046af9cfb5384f3684eeb3f58a48698ddab8dd870b4b3f67f825353a14441418"},
    {file = "pydantic_core-2.6.3-pp310-pypy310_pp73-manylinux_2_5_i686.manylinux1_i686.whl", hash = "sha256:930bfe73e665ebce3f0da2c6d64455098aaa67e1a00323c74dc752627879fc67"},
    {file = "pydantic_core-2.6.3-pp310-pypy310_pp73-musllinux_1_1_aarch64.whl", hash = "sha256:85cc4d105747d2aa3c5cf3e37dac50141bff779545ba59a095f4a96b0a460e70"},
    {file = "pydantic_core-2.6.3-pp310-pypy310_pp73-musllinux_1_1_x86_64.whl", hash = "sha256:b25afe9d5c4f60dcbbe2b277a79be114e2e65a16598db8abee2a2dcde24f162b"},
    {file = "pydantic_core-2.6.3-pp310-pypy310_pp73-win_amd64.whl", hash = "sha256:e49ce7dc9f925e1fb010fc3d555250139df61fa6e5a0a95ce356329602c11ea9"},
    {file = "pydantic_core-2.6.3-pp37-pypy37_pp73-macosx_10_7_x86_64.whl", hash = "sha256:2dd50d6a1aef0426a1d0199190c6c43ec89812b1f409e7fe44cb0fbf6dfa733c"},
    {file = "pydantic_core-2.6.3-pp37-pypy37_pp73-manylinux_2_17_aarch64.manylinux2014_aarch64.whl", hash = "sha256:c6595b0d8c8711e8e1dc389d52648b923b809f68ac1c6f0baa525c6440aa0daa"},
    {file = "pydantic_core-2.6.3-pp37-pypy37_pp73-manylinux_2_17_x86_64.manylinux2014_x86_64.whl", hash = "sha256:4ef724a059396751aef71e847178d66ad7fc3fc969a1a40c29f5aac1aa5f8784"},
    {file = "pydantic_core-2.6.3-pp37-pypy37_pp73-manylinux_2_5_i686.manylinux1_i686.whl", hash = "sha256:3c8945a105f1589ce8a693753b908815e0748f6279959a4530f6742e1994dcb6"},
    {file = "pydantic_core-2.6.3-pp37-pypy37_pp73-musllinux_1_1_aarch64.whl", hash = "sha256:c8c6660089a25d45333cb9db56bb9e347241a6d7509838dbbd1931d0e19dbc7f"},
    {file = "pydantic_core-2.6.3-pp37-pypy37_pp73-musllinux_1_1_x86_64.whl", hash = "sha256:692b4ff5c4e828a38716cfa92667661a39886e71136c97b7dac26edef18767f7"},
    {file = "pydantic_core-2.6.3-pp37-pypy37_pp73-win_amd64.whl", hash = "sha256:f1a5d8f18877474c80b7711d870db0eeef9442691fcdb00adabfc97e183ee0b0"},
    {file = "pydantic_core-2.6.3-pp38-pypy38_pp73-macosx_10_7_x86_64.whl", hash = "sha256:3796a6152c545339d3b1652183e786df648ecdf7c4f9347e1d30e6750907f5bb"},
    {file = "pydantic_core-2.6.3-pp38-pypy38_pp73-macosx_11_0_arm64.whl", hash = "sha256:b962700962f6e7a6bd77e5f37320cabac24b4c0f76afeac05e9f93cf0c620014"},
    {file = "pydantic_core-2.6.3-pp38-pypy38_pp73-manylinux_2_17_aarch64.manylinux2014_aarch64.whl", hash = "sha256:56ea80269077003eaa59723bac1d8bacd2cd15ae30456f2890811efc1e3d4413"},
    {file = "pydantic_core-2.6.3-pp38-pypy38_pp73-manylinux_2_17_x86_64.manylinux2014_x86_64.whl", hash = "sha256:75c0ebbebae71ed1e385f7dfd9b74c1cff09fed24a6df43d326dd7f12339ec34"},
    {file = "pydantic_core-2.6.3-pp38-pypy38_pp73-manylinux_2_5_i686.manylinux1_i686.whl", hash = "sha256:252851b38bad3bfda47b104ffd077d4f9604a10cb06fe09d020016a25107bf98"},
    {file = "pydantic_core-2.6.3-pp38-pypy38_pp73-musllinux_1_1_aarch64.whl", hash = "sha256:6656a0ae383d8cd7cc94e91de4e526407b3726049ce8d7939049cbfa426518c8"},
    {file = "pydantic_core-2.6.3-pp38-pypy38_pp73-musllinux_1_1_x86_64.whl", hash = "sha256:d9140ded382a5b04a1c030b593ed9bf3088243a0a8b7fa9f071a5736498c5483"},
    {file = "pydantic_core-2.6.3-pp38-pypy38_pp73-win_amd64.whl", hash = "sha256:d38bbcef58220f9c81e42c255ef0bf99735d8f11edef69ab0b499da77105158a"},
    {file = "pydantic_core-2.6.3-pp39-pypy39_pp73-macosx_10_7_x86_64.whl", hash = "sha256:c9d469204abcca28926cbc28ce98f28e50e488767b084fb3fbdf21af11d3de26"},
    {file = "pydantic_core-2.6.3-pp39-pypy39_pp73-macosx_11_0_arm64.whl", hash = "sha256:48c1ed8b02ffea4d5c9c220eda27af02b8149fe58526359b3c07eb391cb353a2"},
    {file = "pydantic_core-2.6.3-pp39-pypy39_pp73-manylinux_2_17_aarch64.manylinux2014_aarch64.whl", hash = "sha256:8b2b1bfed698fa410ab81982f681f5b1996d3d994ae8073286515ac4d165c2e7"},
    {file = "pydantic_core-2.6.3-pp39-pypy39_pp73-manylinux_2_17_x86_64.manylinux2014_x86_64.whl", hash = "sha256:bf9d42a71a4d7a7c1f14f629e5c30eac451a6fc81827d2beefd57d014c006c4a"},
    {file = "pydantic_core-2.6.3-pp39-pypy39_pp73-manylinux_2_5_i686.manylinux1_i686.whl", hash = "sha256:4292ca56751aebbe63a84bbfc3b5717abb09b14d4b4442cc43fd7c49a1529efd"},
    {file = "pydantic_core-2.6.3-pp39-pypy39_pp73-musllinux_1_1_aarch64.whl", hash = "sha256:7dc2ce039c7290b4ef64334ec7e6ca6494de6eecc81e21cb4f73b9b39991408c"},
    {file = "pydantic_core-2.6.3-pp39-pypy39_pp73-musllinux_1_1_x86_64.whl", hash = "sha256:615a31b1629e12445c0e9fc8339b41aaa6cc60bd53bf802d5fe3d2c0cda2ae8d"},
    {file = "pydantic_core-2.6.3-pp39-pypy39_pp73-win_amd64.whl", hash = "sha256:1fa1f6312fb84e8c281f32b39affe81984ccd484da6e9d65b3d18c202c666149"},
    {file = "pydantic_core-2.6.3.tar.gz", hash = "sha256:1508f37ba9e3ddc0189e6ff4e2228bd2d3c3a4641cbe8c07177162f76ed696c7"},
]

[package.dependencies]
typing-extensions = ">=4.6.0,<4.7.0 || >4.7.0"

[[package]]
name = "pynput"
version = "1.7.6"
description = "Monitor and control user input devices"
optional = false
python-versions = "*"
files = [
    {file = "pynput-1.7.6-py2.py3-none-any.whl", hash = "sha256:19861b2a0c430d646489852f89500e0c9332e295f2c020e7c2775e7046aa2e2f"},
    {file = "pynput-1.7.6.tar.gz", hash = "sha256:3a5726546da54116b687785d38b1db56997ce1d28e53e8d22fc656d8b92e533c"},
]

[package.dependencies]
evdev = {version = ">=1.3", markers = "sys_platform in \"linux\""}
pyobjc-framework-ApplicationServices = {version = ">=8.0", markers = "sys_platform == \"darwin\""}
pyobjc-framework-Quartz = {version = ">=8.0", markers = "sys_platform == \"darwin\""}
python-xlib = {version = ">=0.17", markers = "sys_platform in \"linux\""}
six = "*"

[[package]]
name = "pyobjc-core"
version = "9.0.1"
description = "Python<->ObjC Interoperability Module"
optional = false
python-versions = ">=3.7"
files = [
    {file = "pyobjc-core-9.0.1.tar.gz", hash = "sha256:5ce1510bb0bdff527c597079a42b2e13a19b7592e76850be7960a2775b59c929"},
    {file = "pyobjc_core-9.0.1-cp310-cp310-macosx_10_9_universal2.whl", hash = "sha256:b614406d46175b1438a9596b664bf61952323116704d19bc1dea68052a0aad98"},
    {file = "pyobjc_core-9.0.1-cp311-cp311-macosx_10_9_universal2.whl", hash = "sha256:bd397e729f6271c694fb70df8f5d3d3c9b2f2b8ac02fbbdd1757ca96027b94bb"},
    {file = "pyobjc_core-9.0.1-cp37-cp37m-macosx_10_9_x86_64.whl", hash = "sha256:d919934eaa6d1cf1505ff447a5c2312be4c5651efcb694eb9f59e86f5bd25e6b"},
    {file = "pyobjc_core-9.0.1-cp38-cp38-macosx_10_9_x86_64.whl", hash = "sha256:67d67ca8b164f38ceacce28a18025845c3ec69613f3301935d4d2c4ceb22e3fd"},
    {file = "pyobjc_core-9.0.1-cp38-cp38-macosx_11_0_universal2.whl", hash = "sha256:39d11d71f6161ac0bd93cffc8ea210bb0178b56d16a7408bf74283d6ecfa7430"},
    {file = "pyobjc_core-9.0.1-cp39-cp39-macosx_10_9_universal2.whl", hash = "sha256:25be1c4d530e473ed98b15063b8d6844f0733c98914de6f09fe1f7652b772bbc"},
]

[[package]]
name = "pyobjc-framework-applicationservices"
version = "9.0.1"
description = "Wrappers for the framework ApplicationServices on macOS"
optional = false
python-versions = ">=3.7"
files = [
    {file = "pyobjc-framework-ApplicationServices-9.0.1.tar.gz", hash = "sha256:e3a350781fdcab6c1da4343dfc54ae3c0523e59e61147432f61dcfb365752fde"},
    {file = "pyobjc_framework_ApplicationServices-9.0.1-cp310-cp310-macosx_10_9_universal2.whl", hash = "sha256:c4214febf3cc2e417ae15d45b6502e5c20f1097cd042b025760d019fe69b07b6"},
    {file = "pyobjc_framework_ApplicationServices-9.0.1-cp311-cp311-macosx_10_9_universal2.whl", hash = "sha256:c62693e01ba272fbadcd66677881311d2d63fda84b9662533fcc883c54be76d7"},
    {file = "pyobjc_framework_ApplicationServices-9.0.1-cp37-cp37m-macosx_10_9_x86_64.whl", hash = "sha256:6829df4dc4cf012bdc221d4e0296d6699b33ca89741569df153989a0c18aa40e"},
    {file = "pyobjc_framework_ApplicationServices-9.0.1-cp38-cp38-macosx_10_9_x86_64.whl", hash = "sha256:5af5d12871499c429dd68c5ec4be56c631ec8439aa953c266eed9afdffb5ec2b"},
    {file = "pyobjc_framework_ApplicationServices-9.0.1-cp38-cp38-macosx_11_0_universal2.whl", hash = "sha256:724da9dfae6ab0505b90340231a685720288caecfcca335b08903102e97a93dc"},
    {file = "pyobjc_framework_ApplicationServices-9.0.1-cp39-cp39-macosx_10_9_universal2.whl", hash = "sha256:8e1dbfc8f482c433ce642724d4bed0c527c7f2f2f8b9ba1ac3f778a68cf1538d"},
]

[package.dependencies]
pyobjc-core = ">=9.0.1"
pyobjc-framework-Cocoa = ">=9.0.1"
pyobjc-framework-Quartz = ">=9.0.1"

[[package]]
name = "pyobjc-framework-cocoa"
version = "9.0.1"
description = "Wrappers for the Cocoa frameworks on macOS"
optional = false
python-versions = ">=3.7"
files = [
    {file = "pyobjc-framework-Cocoa-9.0.1.tar.gz", hash = "sha256:a8b53b3426f94307a58e2f8214dc1094c19afa9dcb96f21be12f937d968b2df3"},
    {file = "pyobjc_framework_Cocoa-9.0.1-cp310-cp310-macosx_10_9_universal2.whl", hash = "sha256:5f94b0f92a62b781e633e58f09bcaded63d612f9b1e15202f5f372ea59e4aebd"},
    {file = "pyobjc_framework_Cocoa-9.0.1-cp311-cp311-macosx_10_9_universal2.whl", hash = "sha256:f062c3bb5cc89902e6d164aa9a66ffc03638645dd5f0468b6f525ac997c86e51"},
    {file = "pyobjc_framework_Cocoa-9.0.1-cp37-cp37m-macosx_10_9_x86_64.whl", hash = "sha256:0b374c0a9d32ba4fc5610ab2741cb05a005f1dfb82a47dbf2dbb2b3a34b73ce5"},
    {file = "pyobjc_framework_Cocoa-9.0.1-cp38-cp38-macosx_10_9_x86_64.whl", hash = "sha256:8928080cebbce91ac139e460d3dfc94c7cb6935be032dcae9c0a51b247f9c2d9"},
    {file = "pyobjc_framework_Cocoa-9.0.1-cp38-cp38-macosx_11_0_universal2.whl", hash = "sha256:9d2bd86a0a98d906f762f5dc59f2fc67cce32ae9633b02ff59ac8c8a33dd862d"},
    {file = "pyobjc_framework_Cocoa-9.0.1-cp39-cp39-macosx_10_9_universal2.whl", hash = "sha256:2a41053cbcee30e1e8914efa749c50b70bf782527d5938f2bc2a6393740969ce"},
]

[package.dependencies]
pyobjc-core = ">=9.0.1"

[[package]]
name = "pyobjc-framework-quartz"
version = "9.0.1"
description = "Wrappers for the Quartz frameworks on macOS"
optional = false
python-versions = ">=3.7"
files = [
    {file = "pyobjc-framework-Quartz-9.0.1.tar.gz", hash = "sha256:7e2e37fc5c01bbdc37c1355d886e6184d1977043d5a05d1d956573fa8503dac3"},
    {file = "pyobjc_framework_Quartz-9.0.1-cp310-cp310-macosx_10_9_universal2.whl", hash = "sha256:13a546a2af7c1c5c2bbf88cce6891896a449e92466415ad14d9a5ee93fba6ef3"},
    {file = "pyobjc_framework_Quartz-9.0.1-cp311-cp311-macosx_10_9_universal2.whl", hash = "sha256:93ee6e339ab6928115a92188a0162ec80bf62cd0bd908d54695c1b9f9381ea45"},
    {file = "pyobjc_framework_Quartz-9.0.1-cp37-cp37m-macosx_10_9_x86_64.whl", hash = "sha256:066ffbe26de1456f79a6d9467dabd6a3b9ef228318a0ba3f3fedbdbc0e2d3444"},
    {file = "pyobjc_framework_Quartz-9.0.1-cp38-cp38-macosx_10_9_x86_64.whl", hash = "sha256:0c9b553be6ef672e0886b0d2c77d1841b1a942c7b1dc9a67f6e1376dc5493513"},
    {file = "pyobjc_framework_Quartz-9.0.1-cp38-cp38-macosx_11_0_universal2.whl", hash = "sha256:7b39f85d0b747b0a13a11d0d538001b757c82d05e656eab437167b5b118307df"},
    {file = "pyobjc_framework_Quartz-9.0.1-cp39-cp39-macosx_10_9_universal2.whl", hash = "sha256:0bedb6e1b7789d5b24fd5c790f0d53e4c62930313c97a891068bfa0e966ccc0b"},
]

[package.dependencies]
pyobjc-core = ">=9.0.1"
pyobjc-framework-Cocoa = ">=9.0.1"

[[package]]
name = "pyperclip"
version = "1.8.2"
description = "A cross-platform clipboard module for Python. (Only handles plain text for now.)"
optional = false
python-versions = "*"
files = [
    {file = "pyperclip-1.8.2.tar.gz", hash = "sha256:105254a8b04934f0bc84e9c24eb360a591aaf6535c9def5f29d92af107a9bf57"},
]

[[package]]
name = "python-xlib"
version = "0.33"
description = "Python X Library"
optional = false
python-versions = "*"
files = [
    {file = "python-xlib-0.33.tar.gz", hash = "sha256:55af7906a2c75ce6cb280a584776080602444f75815a7aff4d287bb2d7018b32"},
    {file = "python_xlib-0.33-py2.py3-none-any.whl", hash = "sha256:c3534038d42e0df2f1392a1b30a15a4ff5fdc2b86cfa94f072bf11b10a164398"},
]

[package.dependencies]
six = ">=1.10.0"

[[package]]
name = "rtoml"
version = "0.9.0"
description = ""
optional = false
python-versions = ">=3.7"
files = [
    {file = "rtoml-0.9.0-cp310-cp310-macosx_10_7_x86_64.whl", hash = "sha256:b440445df3a5bdd30f70196305c964699fb8c6a23dfe08b9b0a822a8c3a1da00"},
    {file = "rtoml-0.9.0-cp310-cp310-macosx_11_0_arm64.whl", hash = "sha256:4e00c085841c215868b5c3d607ae7076bad4faf6cc00bf9da334c0683b2001a9"},
    {file = "rtoml-0.9.0-cp310-cp310-manylinux_2_17_aarch64.manylinux2014_aarch64.whl", hash = "sha256:d66f145fca240150d54334b1779edbc713a2b2b0547c703a9b441b94f05cec14"},
    {file = "rtoml-0.9.0-cp310-cp310-manylinux_2_17_x86_64.manylinux2014_x86_64.whl", hash = "sha256:38ed7487251aed9f118949d49e0edff2ace2f979ef7d23adf174bcb30983627a"},
    {file = "rtoml-0.9.0-cp310-cp310-manylinux_2_24_armv7l.whl", hash = "sha256:a500481c61b0babb438b1d4c0a295ba60a0c890688431db980e3209d7c093045"},
    {file = "rtoml-0.9.0-cp310-cp310-manylinux_2_5_i686.manylinux1_i686.whl", hash = "sha256:9826a25e7c274fbcfa1518f1e1c99104f10ba553b34be38dcd31b6c9d5207e47"},
    {file = "rtoml-0.9.0-cp310-cp310-musllinux_1_1_aarch64.whl", hash = "sha256:2dff4812186dff9381459d6a962e8dfd909ea8cb03f98ba28aa486b9bf8d72f8"},
    {file = "rtoml-0.9.0-cp310-cp310-musllinux_1_1_x86_64.whl", hash = "sha256:7a6088f6e77817389720ed8852ec2493b4524c96bd25f3aafe217e2a6cb29f7d"},
    {file = "rtoml-0.9.0-cp310-none-win32.whl", hash = "sha256:38362ab6123a28e2f1f88995f286b999fc6f7c27896f402ee293de2a090b305c"},
    {file = "rtoml-0.9.0-cp310-none-win_amd64.whl", hash = "sha256:f920b97df9b33c18d3857dbd4af234e2a7f3372de3cfb4c0d8514e66ffd4dfdb"},
    {file = "rtoml-0.9.0-cp311-cp311-macosx_10_7_x86_64.whl", hash = "sha256:91a25c5ab2a518b5126a52300d1a6ced0e363510e9b6e64cb36b19275083b441"},
    {file = "rtoml-0.9.0-cp311-cp311-macosx_11_0_arm64.whl", hash = "sha256:85d8abf6eb1da262a26f15d97de6ec83960172095e627dadf1ee7a32b70a367b"},
    {file = "rtoml-0.9.0-cp311-cp311-manylinux_2_17_aarch64.manylinux2014_aarch64.whl", hash = "sha256:363d41f1f69d415ced4c6be8c5feb6680c2330406ca2f0ba8ea04318857b8ca3"},
    {file = "rtoml-0.9.0-cp311-cp311-manylinux_2_17_x86_64.manylinux2014_x86_64.whl", hash = "sha256:e31bec5a3d7b56966130ba2a68be7bef608822063ff8b9a6362c5001a2a4c82b"},
    {file = "rtoml-0.9.0-cp311-cp311-manylinux_2_24_armv7l.whl", hash = "sha256:9eb42c8af0300c0e3c11057a7ace894247f3f9d265b10bedde72e1008bf09634"},
    {file = "rtoml-0.9.0-cp311-cp311-manylinux_2_5_i686.manylinux1_i686.whl", hash = "sha256:604782f36701d8b7df9b7f928e054e2a62dde828860e828377b2c8db550afb28"},
    {file = "rtoml-0.9.0-cp311-cp311-musllinux_1_1_aarch64.whl", hash = "sha256:13dc836d84fe987ddc00b6ec8683002eb53ffa59dc13d5a9ef51a1409539bea7"},
    {file = "rtoml-0.9.0-cp311-cp311-musllinux_1_1_x86_64.whl", hash = "sha256:2f4e7841ab7cbdfaa15cbc5f0b049b154a68644fa39fc27a1f72a0dc23012e40"},
    {file = "rtoml-0.9.0-cp311-none-win32.whl", hash = "sha256:9ca09643e9ffdebcbb27a095ffca86e32c3fb0a63c8788c5d40890065962eb65"},
    {file = "rtoml-0.9.0-cp311-none-win_amd64.whl", hash = "sha256:5c91c99f5646e81c677133b3740a8e6b25cbe6fbf33fefd749c85e031f7716b9"},
    {file = "rtoml-0.9.0-cp37-cp37m-macosx_10_7_x86_64.whl", hash = "sha256:9c3f0b1b6c70e7d9ef29b3b2412412f2be10b333da3aeac74c6f69961b955272"},
    {file = "rtoml-0.9.0-cp37-cp37m-macosx_11_0_arm64.whl", hash = "sha256:37c7d3903d818b2770f2ad424b1aee3c47533f1cdccb037b2a51e47a89d2de30"},
    {file = "rtoml-0.9.0-cp37-cp37m-manylinux_2_17_aarch64.manylinux2014_aarch64.whl", hash = "sha256:4a79400cde1a6d75e6f36498a3b6d86b6713bf757989ab304c1c3e6a610d0665"},
    {file = "rtoml-0.9.0-cp37-cp37m-manylinux_2_17_x86_64.manylinux2014_x86_64.whl", hash = "sha256:bb48915dc12f18dd680772f5c1f248197945ce639ca4a0897ee01878ada65411"},
    {file = "rtoml-0.9.0-cp37-cp37m-manylinux_2_24_armv7l.whl", hash = "sha256:cccac32cf08749fcf9e905e41c8cb58348fa4110459b09f49245a40553514871"},
    {file = "rtoml-0.9.0-cp37-cp37m-manylinux_2_5_i686.manylinux1_i686.whl", hash = "sha256:ba96ee3afbc2cdfe90833f9f7d789aef7d9be1911ec0cd748c786c0b8cda0b98"},
    {file = "rtoml-0.9.0-cp37-cp37m-musllinux_1_1_aarch64.whl", hash = "sha256:a78d504d0d6598655f5d01eabe2df6d458ff2f9463a3c6f85a3e96a57cb61631"},
    {file = "rtoml-0.9.0-cp37-cp37m-musllinux_1_1_x86_64.whl", hash = "sha256:e68c3a7a7388ae2dd586e3a20474908bc889fbe77809f06d46eec37c0c4b96ff"},
    {file = "rtoml-0.9.0-cp37-none-win32.whl", hash = "sha256:9fc3652e963150ace043c6797b5053c8a03341c1bd813c6d9ad7403bfa5d1138"},
    {file = "rtoml-0.9.0-cp37-none-win_amd64.whl", hash = "sha256:13ff304eb8e9be8702f8f9c7c561e5ebffcbb4e830d4ae3f2f9471d1c8a656fa"},
    {file = "rtoml-0.9.0-cp38-cp38-macosx_10_7_x86_64.whl", hash = "sha256:b99ec14d5bd8fc62a94acf1ce328d11cda1934f736d40baefdbb212333f25250"},
    {file = "rtoml-0.9.0-cp38-cp38-macosx_11_0_arm64.whl", hash = "sha256:dc02f77bc81d1ade12bd983d46a1aa1ed4bc10418de0ac81267928b49f73cc9b"},
    {file = "rtoml-0.9.0-cp38-cp38-manylinux_2_17_aarch64.manylinux2014_aarch64.whl", hash = "sha256:ba38c4efcf639ec5df271c6debd6953a53be62087fff48bd7cd239553e01d66a"},
    {file = "rtoml-0.9.0-cp38-cp38-manylinux_2_17_x86_64.manylinux2014_x86_64.whl", hash = "sha256:e1f2c8aa5c07c1b8886e27d34332e5be7e3b658d6a8d5f55227ff1e4014ac87f"},
    {file = "rtoml-0.9.0-cp38-cp38-manylinux_2_24_armv7l.whl", hash = "sha256:3b02257049dac81b0a7e333e7c35477939c016b39b444f849473650dd7c52410"},
    {file = "rtoml-0.9.0-cp38-cp38-manylinux_2_5_i686.manylinux1_i686.whl", hash = "sha256:d6a95c1dcdb0dbb340fc67b35ef86a07f01ef4842d6bbcb883dcfefef87ac106"},
    {file = "rtoml-0.9.0-cp38-cp38-musllinux_1_1_aarch64.whl", hash = "sha256:449701954ded52d885ac2f9f79b503c5aa1e2c6e7f0f6100ad4f46262c82dd66"},
    {file = "rtoml-0.9.0-cp38-cp38-musllinux_1_1_x86_64.whl", hash = "sha256:9591699c1231dd9e615ec1b27933f1a4d8b8f57841e62d1f2aa109150da941ea"},
    {file = "rtoml-0.9.0-cp38-none-win32.whl", hash = "sha256:352fb220615c0904d77bf719c7f7e066dcf5a10ba118dc6cea8809424f858dad"},
    {file = "rtoml-0.9.0-cp38-none-win_amd64.whl", hash = "sha256:f780f90e3305b5e961dcc8f00c0d3bfa023d7626d64e8fa15c91f9ed6be6d10a"},
    {file = "rtoml-0.9.0-cp39-cp39-macosx_10_7_x86_64.whl", hash = "sha256:39e377e075af4f33a1c60cafdedcb02d7a4d7bf241e6c0bf76998c10ffc8222a"},
    {file = "rtoml-0.9.0-cp39-cp39-macosx_11_0_arm64.whl", hash = "sha256:afead84d80f835a5d6194faf1cdae9ebee092dac68f25a69a8fecc0dc26d1720"},
    {file = "rtoml-0.9.0-cp39-cp39-manylinux_2_17_aarch64.manylinux2014_aarch64.whl", hash = "sha256:2c3973f1d22450d5eb3abad65f9c30167c8f6ce475615a9a6364903476b68b56"},
    {file = "rtoml-0.9.0-cp39-cp39-manylinux_2_17_x86_64.manylinux2014_x86_64.whl", hash = "sha256:7ea08ba5fc9a03a50e1e783266ff5b84fc81b3af5bf77cb5f190b5a516b53810"},
    {file = "rtoml-0.9.0-cp39-cp39-manylinux_2_24_armv7l.whl", hash = "sha256:ada33f7fc46b24f20e0219b659f3de15c09ea7209657e43770e2f5f0e95ab6ec"},
    {file = "rtoml-0.9.0-cp39-cp39-manylinux_2_5_i686.manylinux1_i686.whl", hash = "sha256:f4cba47bf407642214a4aea349e91699ea67c6c07ebfa4412a2383837d295ccc"},
    {file = "rtoml-0.9.0-cp39-cp39-musllinux_1_1_aarch64.whl", hash = "sha256:9f1ab9638aba4027e7cf007dd7f5d497b1bd6b643a7c24bbc09bba76843fa779"},
    {file = "rtoml-0.9.0-cp39-cp39-musllinux_1_1_x86_64.whl", hash = "sha256:b43f61df97a74a4ebc216d9fdcefb1c631bfa98265655fcc0950fbe206054e8b"},
    {file = "rtoml-0.9.0-cp39-none-win32.whl", hash = "sha256:0eea8963824eb4be5d41c11a2e5dd51c6149f5274f015012f53dd82bf146a16b"},
    {file = "rtoml-0.9.0-cp39-none-win_amd64.whl", hash = "sha256:c539af5d88056a4d53a1f9067fee97bf6015edbb8e82fbde6ba96e19a1b41645"},
    {file = "rtoml-0.9.0.tar.gz", hash = "sha256:113f2e133d152d9424269c475b4a7d0679987078b543e88fcb16c870dc2c460d"},
]

[[package]]
name = "six"
version = "1.16.0"
description = "Python 2 and 3 compatibility utilities"
optional = false
python-versions = ">=2.7, !=3.0.*, !=3.1.*, !=3.2.*"
files = [
    {file = "six-1.16.0-py2.py3-none-any.whl", hash = "sha256:8abb2f1d86890a2dfb989f9a77cfcfd3e47c2a354b01111771326f8aa26e0254"},
    {file = "six-1.16.0.tar.gz", hash = "sha256:1e61c37477a1626458e36f7b1d82aa5c9b094fa4802892072e49de9c60c4c926"},
]

[[package]]
name = "typing-extensions"
version = "4.7.1"
description = "Backported and Experimental Type Hints for Python 3.7+"
optional = false
python-versions = ">=3.7"
files = [
    {file = "typing_extensions-4.7.1-py3-none-any.whl", hash = "sha256:440d5dd3af93b060174bf433bccd69b0babc3b15b1a8dca43789fd7f61514b36"},
    {file = "typing_extensions-4.7.1.tar.gz", hash = "sha256:b75ddc264f0ba5615db7ba217daeb99701ad295353c45f9e95963337ceeeffb2"},
]

[metadata]
lock-version = "2.0"
python-versions = "^3.8"
content-hash = "3e8af300561c5b0a49223432fe35e9b2ad40adfb5ec3f4f57b25fe43421fc100"
